// !$*UTF8*$!
{
	archiveVersion = 1;
	classes = {
	};
	objectVersion = 56;
	objects = {

/* Begin PBXBuildFile section */
		232756BE2B84E0A500292994 /* AppDelegate.swift in Sources */ = {isa = PBXBuildFile; fileRef = 232756BD2B84E0A500292994 /* AppDelegate.swift */; };
		232756C02B84E0A500292994 /* SceneDelegate.swift in Sources */ = {isa = PBXBuildFile; fileRef = 232756BF2B84E0A500292994 /* SceneDelegate.swift */; };
		232756C52B84E0A500292994 /* Main.storyboard in Resources */ = {isa = PBXBuildFile; fileRef = 232756C32B84E0A500292994 /* Main.storyboard */; };
		232756C82B84E0A500292994 /* CleanLogin.xcdatamodeld in Sources */ = {isa = PBXBuildFile; fileRef = 232756C62B84E0A500292994 /* CleanLogin.xcdatamodeld */; };
		232756CA2B84E0A500292994 /* Assets.xcassets in Resources */ = {isa = PBXBuildFile; fileRef = 232756C92B84E0A500292994 /* Assets.xcassets */; };
		232756CD2B84E0A500292994 /* LaunchScreen.storyboard in Resources */ = {isa = PBXBuildFile; fileRef = 232756CB2B84E0A500292994 /* LaunchScreen.storyboard */; };
		232756D82B84E0A500292994 /* CleanLoginTests.swift in Sources */ = {isa = PBXBuildFile; fileRef = 232756D72B84E0A500292994 /* CleanLoginTests.swift */; };
		232756E22B84E0A600292994 /* CleanLoginUITests.swift in Sources */ = {isa = PBXBuildFile; fileRef = 232756E12B84E0A600292994 /* CleanLoginUITests.swift */; };
		232756E42B84E0A600292994 /* CleanLoginUITestsLaunchTests.swift in Sources */ = {isa = PBXBuildFile; fileRef = 232756E32B84E0A600292994 /* CleanLoginUITestsLaunchTests.swift */; };
		232756F42B84E15100292994 /* LoginSceneViewController.swift in Sources */ = {isa = PBXBuildFile; fileRef = 232756F32B84E15100292994 /* LoginSceneViewController.swift */; };
		232756F52B84E15100292994 /* LoginSceneViewController.swift in Sources */ = {isa = PBXBuildFile; fileRef = 232756F32B84E15100292994 /* LoginSceneViewController.swift */; };
		232756F62B84E15100292994 /* LoginSceneViewController.swift in Sources */ = {isa = PBXBuildFile; fileRef = 232756F32B84E15100292994 /* LoginSceneViewController.swift */; };
		232756F82B84E17900292994 /* LoginSceneInteractor.swift in Sources */ = {isa = PBXBuildFile; fileRef = 232756F72B84E17900292994 /* LoginSceneInteractor.swift */; };
		232756F92B84E17900292994 /* LoginSceneInteractor.swift in Sources */ = {isa = PBXBuildFile; fileRef = 232756F72B84E17900292994 /* LoginSceneInteractor.swift */; };
		232756FA2B84E17900292994 /* LoginSceneInteractor.swift in Sources */ = {isa = PBXBuildFile; fileRef = 232756F72B84E17900292994 /* LoginSceneInteractor.swift */; };
		232756FC2B84E18000292994 /* LoginScenePresenter.swift in Sources */ = {isa = PBXBuildFile; fileRef = 232756FB2B84E18000292994 /* LoginScenePresenter.swift */; };
		232756FD2B84E18000292994 /* LoginScenePresenter.swift in Sources */ = {isa = PBXBuildFile; fileRef = 232756FB2B84E18000292994 /* LoginScenePresenter.swift */; };
		232756FE2B84E18000292994 /* LoginScenePresenter.swift in Sources */ = {isa = PBXBuildFile; fileRef = 232756FB2B84E18000292994 /* LoginScenePresenter.swift */; };
		232757022B84E39400292994 /* LoginSceneRouter.swift in Sources */ = {isa = PBXBuildFile; fileRef = 232757012B84E39400292994 /* LoginSceneRouter.swift */; };
		232757032B84E39400292994 /* LoginSceneRouter.swift in Sources */ = {isa = PBXBuildFile; fileRef = 232757012B84E39400292994 /* LoginSceneRouter.swift */; };
		232757042B84E39400292994 /* LoginSceneRouter.swift in Sources */ = {isa = PBXBuildFile; fileRef = 232757012B84E39400292994 /* LoginSceneRouter.swift */; };
		232757062B84E49200292994 /* LoginSceneAuthWorker.swift in Sources */ = {isa = PBXBuildFile; fileRef = 232757052B84E49200292994 /* LoginSceneAuthWorker.swift */; };
		232757072B84E49200292994 /* LoginSceneAuthWorker.swift in Sources */ = {isa = PBXBuildFile; fileRef = 232757052B84E49200292994 /* LoginSceneAuthWorker.swift */; };
		232757082B84E49200292994 /* LoginSceneAuthWorker.swift in Sources */ = {isa = PBXBuildFile; fileRef = 232757052B84E49200292994 /* LoginSceneAuthWorker.swift */; };
		2327570C2B84E56E00292994 /* CleanLoginUser.swift in Sources */ = {isa = PBXBuildFile; fileRef = 2327570B2B84E56E00292994 /* CleanLoginUser.swift */; };
		2327570D2B84E56E00292994 /* CleanLoginUser.swift in Sources */ = {isa = PBXBuildFile; fileRef = 2327570B2B84E56E00292994 /* CleanLoginUser.swift */; };
		2327570E2B84E56E00292994 /* CleanLoginUser.swift in Sources */ = {isa = PBXBuildFile; fileRef = 2327570B2B84E56E00292994 /* CleanLoginUser.swift */; };
		232757102B84E5FC00292994 /* LoginSceneConfigurator.swift in Sources */ = {isa = PBXBuildFile; fileRef = 2327570F2B84E5FC00292994 /* LoginSceneConfigurator.swift */; };
		232757112B84E5FC00292994 /* LoginSceneConfigurator.swift in Sources */ = {isa = PBXBuildFile; fileRef = 2327570F2B84E5FC00292994 /* LoginSceneConfigurator.swift */; };
		232757122B84E5FC00292994 /* LoginSceneConfigurator.swift in Sources */ = {isa = PBXBuildFile; fileRef = 2327570F2B84E5FC00292994 /* LoginSceneConfigurator.swift */; };
		232757162B84E65600292994 /* LoginSceneFactory.swift in Sources */ = {isa = PBXBuildFile; fileRef = 232757152B84E65600292994 /* LoginSceneFactory.swift */; };
		232757172B84E65600292994 /* LoginSceneFactory.swift in Sources */ = {isa = PBXBuildFile; fileRef = 232757152B84E65600292994 /* LoginSceneFactory.swift */; };
		232757182B84E65600292994 /* LoginSceneFactory.swift in Sources */ = {isa = PBXBuildFile; fileRef = 232757152B84E65600292994 /* LoginSceneFactory.swift */; };
		2327571B2B84E74700292994 /* AuthService.swift in Sources */ = {isa = PBXBuildFile; fileRef = 2327571A2B84E74700292994 /* AuthService.swift */; };
		2327571C2B84E74700292994 /* AuthService.swift in Sources */ = {isa = PBXBuildFile; fileRef = 2327571A2B84E74700292994 /* AuthService.swift */; };
		2327571D2B84E74700292994 /* AuthService.swift in Sources */ = {isa = PBXBuildFile; fileRef = 2327571A2B84E74700292994 /* AuthService.swift */; };
		2327571F2B84E79200292994 /* NetworkManager.swift in Sources */ = {isa = PBXBuildFile; fileRef = 2327571E2B84E79200292994 /* NetworkManager.swift */; };
		232757202B84E79200292994 /* NetworkManager.swift in Sources */ = {isa = PBXBuildFile; fileRef = 2327571E2B84E79200292994 /* NetworkManager.swift */; };
		232757212B84E79200292994 /* NetworkManager.swift in Sources */ = {isa = PBXBuildFile; fileRef = 2327571E2B84E79200292994 /* NetworkManager.swift */; };
		232757232B84E7AB00292994 /* NetworkSession.swift in Sources */ = {isa = PBXBuildFile; fileRef = 232757222B84E7AB00292994 /* NetworkSession.swift */; };
		232757242B84E7AB00292994 /* NetworkSession.swift in Sources */ = {isa = PBXBuildFile; fileRef = 232757222B84E7AB00292994 /* NetworkSession.swift */; };
		232757252B84E7AB00292994 /* NetworkSession.swift in Sources */ = {isa = PBXBuildFile; fileRef = 232757222B84E7AB00292994 /* NetworkSession.swift */; };
/* End PBXBuildFile section */

/* Begin PBXContainerItemProxy section */
		232756D42B84E0A500292994 /* PBXContainerItemProxy */ = {
			isa = PBXContainerItemProxy;
			containerPortal = 232756B22B84E0A500292994 /* Project object */;
			proxyType = 1;
			remoteGlobalIDString = 232756B92B84E0A500292994;
			remoteInfo = CleanLogin;
		};
		232756DE2B84E0A600292994 /* PBXContainerItemProxy */ = {
			isa = PBXContainerItemProxy;
			containerPortal = 232756B22B84E0A500292994 /* Project object */;
			proxyType = 1;
			remoteGlobalIDString = 232756B92B84E0A500292994;
			remoteInfo = CleanLogin;
		};
/* End PBXContainerItemProxy section */

/* Begin PBXFileReference section */
		232756BA2B84E0A500292994 /* CleanLogin.app */ = {isa = PBXFileReference; explicitFileType = wrapper.application; includeInIndex = 0; path = CleanLogin.app; sourceTree = BUILT_PRODUCTS_DIR; };
		232756BD2B84E0A500292994 /* AppDelegate.swift */ = {isa = PBXFileReference; lastKnownFileType = sourcecode.swift; path = AppDelegate.swift; sourceTree = "<group>"; };
		232756BF2B84E0A500292994 /* SceneDelegate.swift */ = {isa = PBXFileReference; lastKnownFileType = sourcecode.swift; path = SceneDelegate.swift; sourceTree = "<group>"; };
		232756C42B84E0A500292994 /* Base */ = {isa = PBXFileReference; lastKnownFileType = file.storyboard; name = Base; path = Base.lproj/Main.storyboard; sourceTree = "<group>"; };
		232756C72B84E0A500292994 /* CleanLogin.xcdatamodel */ = {isa = PBXFileReference; lastKnownFileType = wrapper.xcdatamodel; path = CleanLogin.xcdatamodel; sourceTree = "<group>"; };
		232756C92B84E0A500292994 /* Assets.xcassets */ = {isa = PBXFileReference; lastKnownFileType = folder.assetcatalog; path = Assets.xcassets; sourceTree = "<group>"; };
		232756CC2B84E0A500292994 /* Base */ = {isa = PBXFileReference; lastKnownFileType = file.storyboard; name = Base; path = Base.lproj/LaunchScreen.storyboard; sourceTree = "<group>"; };
		232756CE2B84E0A500292994 /* Info.plist */ = {isa = PBXFileReference; lastKnownFileType = text.plist.xml; path = Info.plist; sourceTree = "<group>"; };
		232756D32B84E0A500292994 /* CleanLoginTests.xctest */ = {isa = PBXFileReference; explicitFileType = wrapper.cfbundle; includeInIndex = 0; path = CleanLoginTests.xctest; sourceTree = BUILT_PRODUCTS_DIR; };
		232756D72B84E0A500292994 /* CleanLoginTests.swift */ = {isa = PBXFileReference; lastKnownFileType = sourcecode.swift; path = CleanLoginTests.swift; sourceTree = "<group>"; };
		232756DD2B84E0A600292994 /* CleanLoginUITests.xctest */ = {isa = PBXFileReference; explicitFileType = wrapper.cfbundle; includeInIndex = 0; path = CleanLoginUITests.xctest; sourceTree = BUILT_PRODUCTS_DIR; };
		232756E12B84E0A600292994 /* CleanLoginUITests.swift */ = {isa = PBXFileReference; lastKnownFileType = sourcecode.swift; path = CleanLoginUITests.swift; sourceTree = "<group>"; };
		232756E32B84E0A600292994 /* CleanLoginUITestsLaunchTests.swift */ = {isa = PBXFileReference; lastKnownFileType = sourcecode.swift; path = CleanLoginUITestsLaunchTests.swift; sourceTree = "<group>"; };
		232756F32B84E15100292994 /* LoginSceneViewController.swift */ = {isa = PBXFileReference; lastKnownFileType = sourcecode.swift; path = LoginSceneViewController.swift; sourceTree = "<group>"; };
		232756F72B84E17900292994 /* LoginSceneInteractor.swift */ = {isa = PBXFileReference; lastKnownFileType = sourcecode.swift; path = LoginSceneInteractor.swift; sourceTree = "<group>"; };
		232756FB2B84E18000292994 /* LoginScenePresenter.swift */ = {isa = PBXFileReference; lastKnownFileType = sourcecode.swift; path = LoginScenePresenter.swift; sourceTree = "<group>"; };
		232757012B84E39400292994 /* LoginSceneRouter.swift */ = {isa = PBXFileReference; lastKnownFileType = sourcecode.swift; path = LoginSceneRouter.swift; sourceTree = "<group>"; };
		232757052B84E49200292994 /* LoginSceneAuthWorker.swift */ = {isa = PBXFileReference; lastKnownFileType = sourcecode.swift; path = LoginSceneAuthWorker.swift; sourceTree = "<group>"; };
		2327570B2B84E56E00292994 /* CleanLoginUser.swift */ = {isa = PBXFileReference; lastKnownFileType = sourcecode.swift; path = CleanLoginUser.swift; sourceTree = "<group>"; };
		2327570F2B84E5FC00292994 /* LoginSceneConfigurator.swift */ = {isa = PBXFileReference; lastKnownFileType = sourcecode.swift; path = LoginSceneConfigurator.swift; sourceTree = "<group>"; };
		232757152B84E65600292994 /* LoginSceneFactory.swift */ = {isa = PBXFileReference; lastKnownFileType = sourcecode.swift; path = LoginSceneFactory.swift; sourceTree = "<group>"; };
		2327571A2B84E74700292994 /* AuthService.swift */ = {isa = PBXFileReference; lastKnownFileType = sourcecode.swift; path = AuthService.swift; sourceTree = "<group>"; };
		2327571E2B84E79200292994 /* NetworkManager.swift */ = {isa = PBXFileReference; lastKnownFileType = sourcecode.swift; path = NetworkManager.swift; sourceTree = "<group>"; };
		232757222B84E7AB00292994 /* NetworkSession.swift */ = {isa = PBXFileReference; lastKnownFileType = sourcecode.swift; path = NetworkSession.swift; sourceTree = "<group>"; };
/* End PBXFileReference section */

/* Begin PBXFrameworksBuildPhase section */
		232756B72B84E0A500292994 /* Frameworks */ = {
			isa = PBXFrameworksBuildPhase;
			buildActionMask = 2147483647;
			files = (
			);
			runOnlyForDeploymentPostprocessing = 0;
		};
		232756D02B84E0A500292994 /* Frameworks */ = {
			isa = PBXFrameworksBuildPhase;
			buildActionMask = 2147483647;
			files = (
			);
			runOnlyForDeploymentPostprocessing = 0;
		};
		232756DA2B84E0A600292994 /* Frameworks */ = {
			isa = PBXFrameworksBuildPhase;
			buildActionMask = 2147483647;
			files = (
			);
			runOnlyForDeploymentPostprocessing = 0;
		};
/* End PBXFrameworksBuildPhase section */

/* Begin PBXGroup section */
		232756B12B84E0A500292994 = {
			isa = PBXGroup;
			children = (
				232756BC2B84E0A500292994 /* CleanLogin */,
				232756D62B84E0A500292994 /* CleanLoginTests */,
				232756E02B84E0A600292994 /* CleanLoginUITests */,
				232756BB2B84E0A500292994 /* Products */,
			);
			sourceTree = "<group>";
		};
		232756BB2B84E0A500292994 /* Products */ = {
			isa = PBXGroup;
			children = (
				232756BA2B84E0A500292994 /* CleanLogin.app */,
				232756D32B84E0A500292994 /* CleanLoginTests.xctest */,
				232756DD2B84E0A600292994 /* CleanLoginUITests.xctest */,
			);
			name = Products;
			sourceTree = "<group>";
		};
		232756BC2B84E0A500292994 /* CleanLogin */ = {
			isa = PBXGroup;
			children = (
				232756F02B84E11500292994 /* Application */,
				232757142B84E62900292994 /* Managers */,
				232757132B84E62200292994 /* Factories */,
				2327570A2B84E56100292994 /* Models */,
				232756F12B84E12A00292994 /* Scenes */,
				232757192B84E72F00292994 /* Services */,
				232756C92B84E0A500292994 /* Assets.xcassets */,
				232756C32B84E0A500292994 /* Main.storyboard */,
				232756CB2B84E0A500292994 /* LaunchScreen.storyboard */,
				232756CE2B84E0A500292994 /* Info.plist */,
				232756C62B84E0A500292994 /* CleanLogin.xcdatamodeld */,
			);
			path = CleanLogin;
			sourceTree = "<group>";
		};
		232756D62B84E0A500292994 /* CleanLoginTests */ = {
			isa = PBXGroup;
			children = (
				232756D72B84E0A500292994 /* CleanLoginTests.swift */,
			);
			path = CleanLoginTests;
			sourceTree = "<group>";
		};
		232756E02B84E0A600292994 /* CleanLoginUITests */ = {
			isa = PBXGroup;
			children = (
				232756E12B84E0A600292994 /* CleanLoginUITests.swift */,
				232756E32B84E0A600292994 /* CleanLoginUITestsLaunchTests.swift */,
			);
			path = CleanLoginUITests;
			sourceTree = "<group>";
		};
		232756F02B84E11500292994 /* Application */ = {
			isa = PBXGroup;
			children = (
				232756BF2B84E0A500292994 /* SceneDelegate.swift */,
				232756BD2B84E0A500292994 /* AppDelegate.swift */,
			);
			path = Application;
			sourceTree = "<group>";
		};
		232756F12B84E12A00292994 /* Scenes */ = {
			isa = PBXGroup;
			children = (
				232756F22B84E13300292994 /* Login */,
			);
			path = Scenes;
			sourceTree = "<group>";
		};
		232756F22B84E13300292994 /* Login */ = {
			isa = PBXGroup;
			children = (
				232756F32B84E15100292994 /* LoginSceneViewController.swift */,
				232756F72B84E17900292994 /* LoginSceneInteractor.swift */,
				232756FB2B84E18000292994 /* LoginScenePresenter.swift */,
				232757012B84E39400292994 /* LoginSceneRouter.swift */,
				232757052B84E49200292994 /* LoginSceneAuthWorker.swift */,
				2327570F2B84E5FC00292994 /* LoginSceneConfigurator.swift */,
			);
			path = Login;
			sourceTree = "<group>";
		};
		2327570A2B84E56100292994 /* Models */ = {
			isa = PBXGroup;
			children = (
				2327570B2B84E56E00292994 /* CleanLoginUser.swift */,
			);
			path = Models;
			sourceTree = "<group>";
		};
		232757132B84E62200292994 /* Factories */ = {
			isa = PBXGroup;
			children = (
				232757152B84E65600292994 /* LoginSceneFactory.swift */,
			);
			path = Factories;
			sourceTree = "<group>";
		};
		232757142B84E62900292994 /* Managers */ = {
			isa = PBXGroup;
			children = (
				2327571E2B84E79200292994 /* NetworkManager.swift */,
				232757222B84E7AB00292994 /* NetworkSession.swift */,
			);
			path = Managers;
			sourceTree = "<group>";
		};
		232757192B84E72F00292994 /* Services */ = {
			isa = PBXGroup;
			children = (
				2327571A2B84E74700292994 /* AuthService.swift */,
			);
			path = Services;
			sourceTree = "<group>";
		};
/* End PBXGroup section */

/* Begin PBXNativeTarget section */
		232756B92B84E0A500292994 /* CleanLogin */ = {
			isa = PBXNativeTarget;
			buildConfigurationList = 232756E72B84E0A600292994 /* Build configuration list for PBXNativeTarget "CleanLogin" */;
			buildPhases = (
				232756B62B84E0A500292994 /* Sources */,
				232756B72B84E0A500292994 /* Frameworks */,
				232756B82B84E0A500292994 /* Resources */,
			);
			buildRules = (
			);
			dependencies = (
			);
			name = CleanLogin;
			productName = CleanLogin;
			productReference = 232756BA2B84E0A500292994 /* CleanLogin.app */;
			productType = "com.apple.product-type.application";
		};
		232756D22B84E0A500292994 /* CleanLoginTests */ = {
			isa = PBXNativeTarget;
			buildConfigurationList = 232756EA2B84E0A600292994 /* Build configuration list for PBXNativeTarget "CleanLoginTests" */;
			buildPhases = (
				232756CF2B84E0A500292994 /* Sources */,
				232756D02B84E0A500292994 /* Frameworks */,
				232756D12B84E0A500292994 /* Resources */,
			);
			buildRules = (
			);
			dependencies = (
				232756D52B84E0A500292994 /* PBXTargetDependency */,
			);
			name = CleanLoginTests;
			productName = CleanLoginTests;
			productReference = 232756D32B84E0A500292994 /* CleanLoginTests.xctest */;
			productType = "com.apple.product-type.bundle.unit-test";
		};
		232756DC2B84E0A600292994 /* CleanLoginUITests */ = {
			isa = PBXNativeTarget;
			buildConfigurationList = 232756ED2B84E0A600292994 /* Build configuration list for PBXNativeTarget "CleanLoginUITests" */;
			buildPhases = (
				232756D92B84E0A600292994 /* Sources */,
				232756DA2B84E0A600292994 /* Frameworks */,
				232756DB2B84E0A600292994 /* Resources */,
			);
			buildRules = (
			);
			dependencies = (
				232756DF2B84E0A600292994 /* PBXTargetDependency */,
			);
			name = CleanLoginUITests;
			productName = CleanLoginUITests;
			productReference = 232756DD2B84E0A600292994 /* CleanLoginUITests.xctest */;
			productType = "com.apple.product-type.bundle.ui-testing";
		};
/* End PBXNativeTarget section */

/* Begin PBXProject section */
		232756B22B84E0A500292994 /* Project object */ = {
			isa = PBXProject;
			attributes = {
				BuildIndependentTargetsInParallel = 1;
				LastSwiftUpdateCheck = 1520;
				LastUpgradeCheck = 1520;
				TargetAttributes = {
					232756B92B84E0A500292994 = {
						CreatedOnToolsVersion = 15.2;
					};
					232756D22B84E0A500292994 = {
						CreatedOnToolsVersion = 15.2;
						TestTargetID = 232756B92B84E0A500292994;
					};
					232756DC2B84E0A600292994 = {
						CreatedOnToolsVersion = 15.2;
						TestTargetID = 232756B92B84E0A500292994;
					};
				};
			};
			buildConfigurationList = 232756B52B84E0A500292994 /* Build configuration list for PBXProject "CleanLogin" */;
			compatibilityVersion = "Xcode 14.0";
			developmentRegion = en;
			hasScannedForEncodings = 0;
			knownRegions = (
				en,
				Base,
			);
			mainGroup = 232756B12B84E0A500292994;
			productRefGroup = 232756BB2B84E0A500292994 /* Products */;
			projectDirPath = "";
			projectRoot = "";
			targets = (
				232756B92B84E0A500292994 /* CleanLogin */,
				232756D22B84E0A500292994 /* CleanLoginTests */,
				232756DC2B84E0A600292994 /* CleanLoginUITests */,
			);
		};
/* End PBXProject section */

/* Begin PBXResourcesBuildPhase section */
		232756B82B84E0A500292994 /* Resources */ = {
			isa = PBXResourcesBuildPhase;
			buildActionMask = 2147483647;
			files = (
				232756CD2B84E0A500292994 /* LaunchScreen.storyboard in Resources */,
				232756CA2B84E0A500292994 /* Assets.xcassets in Resources */,
				232756C52B84E0A500292994 /* Main.storyboard in Resources */,
			);
			runOnlyForDeploymentPostprocessing = 0;
		};
		232756D12B84E0A500292994 /* Resources */ = {
			isa = PBXResourcesBuildPhase;
			buildActionMask = 2147483647;
			files = (
			);
			runOnlyForDeploymentPostprocessing = 0;
		};
		232756DB2B84E0A600292994 /* Resources */ = {
			isa = PBXResourcesBuildPhase;
			buildActionMask = 2147483647;
			files = (
			);
			runOnlyForDeploymentPostprocessing = 0;
		};
/* End PBXResourcesBuildPhase section */

/* Begin PBXSourcesBuildPhase section */
		232756B62B84E0A500292994 /* Sources */ = {
			isa = PBXSourcesBuildPhase;
			buildActionMask = 2147483647;
			files = (
				232757062B84E49200292994 /* LoginSceneAuthWorker.swift in Sources */,
				232756FC2B84E18000292994 /* LoginScenePresenter.swift in Sources */,
				2327570C2B84E56E00292994 /* CleanLoginUser.swift in Sources */,
				2327571F2B84E79200292994 /* NetworkManager.swift in Sources */,
				2327571B2B84E74700292994 /* AuthService.swift in Sources */,
				232757022B84E39400292994 /* LoginSceneRouter.swift in Sources */,
				232757162B84E65600292994 /* LoginSceneFactory.swift in Sources */,
				232757232B84E7AB00292994 /* NetworkSession.swift in Sources */,
				232756BE2B84E0A500292994 /* AppDelegate.swift in Sources */,
				232757102B84E5FC00292994 /* LoginSceneConfigurator.swift in Sources */,
				232756C02B84E0A500292994 /* SceneDelegate.swift in Sources */,
				232756F82B84E17900292994 /* LoginSceneInteractor.swift in Sources */,
				232756C82B84E0A500292994 /* CleanLogin.xcdatamodeld in Sources */,
				232756F42B84E15100292994 /* LoginSceneViewController.swift in Sources */,
			);
			runOnlyForDeploymentPostprocessing = 0;
		};
		232756CF2B84E0A500292994 /* Sources */ = {
			isa = PBXSourcesBuildPhase;
			buildActionMask = 2147483647;
			files = (
				232756F92B84E17900292994 /* LoginSceneInteractor.swift in Sources */,
				2327570D2B84E56E00292994 /* CleanLoginUser.swift in Sources */,
				232757032B84E39400292994 /* LoginSceneRouter.swift in Sources */,
				232756D82B84E0A500292994 /* CleanLoginTests.swift in Sources */,
				232757202B84E79200292994 /* NetworkManager.swift in Sources */,
				232756F52B84E15100292994 /* LoginSceneViewController.swift in Sources */,
				232757112B84E5FC00292994 /* LoginSceneConfigurator.swift in Sources */,
				232757172B84E65600292994 /* LoginSceneFactory.swift in Sources */,
				2327571C2B84E74700292994 /* AuthService.swift in Sources */,
				232757242B84E7AB00292994 /* NetworkSession.swift in Sources */,
				232757072B84E49200292994 /* LoginSceneAuthWorker.swift in Sources */,
				232756FD2B84E18000292994 /* LoginScenePresenter.swift in Sources */,
			);
			runOnlyForDeploymentPostprocessing = 0;
		};
		232756D92B84E0A600292994 /* Sources */ = {
			isa = PBXSourcesBuildPhase;
			buildActionMask = 2147483647;
			files = (
				232757212B84E79200292994 /* NetworkManager.swift in Sources */,
				232756F62B84E15100292994 /* LoginSceneViewController.swift in Sources */,
				232757042B84E39400292994 /* LoginSceneRouter.swift in Sources */,
				232757182B84E65600292994 /* LoginSceneFactory.swift in Sources */,
				2327570E2B84E56E00292994 /* CleanLoginUser.swift in Sources */,
				232756E42B84E0A600292994 /* CleanLoginUITestsLaunchTests.swift in Sources */,
				2327571D2B84E74700292994 /* AuthService.swift in Sources */,
				232757252B84E7AB00292994 /* NetworkSession.swift in Sources */,
				232756FE2B84E18000292994 /* LoginScenePresenter.swift in Sources */,
				232756E22B84E0A600292994 /* CleanLoginUITests.swift in Sources */,
				232756FA2B84E17900292994 /* LoginSceneInteractor.swift in Sources */,
				232757122B84E5FC00292994 /* LoginSceneConfigurator.swift in Sources */,
				232757082B84E49200292994 /* LoginSceneAuthWorker.swift in Sources */,
			);
			runOnlyForDeploymentPostprocessing = 0;
		};
/* End PBXSourcesBuildPhase section */

/* Begin PBXTargetDependency section */
		232756D52B84E0A500292994 /* PBXTargetDependency */ = {
			isa = PBXTargetDependency;
			target = 232756B92B84E0A500292994 /* CleanLogin */;
			targetProxy = 232756D42B84E0A500292994 /* PBXContainerItemProxy */;
		};
		232756DF2B84E0A600292994 /* PBXTargetDependency */ = {
			isa = PBXTargetDependency;
			target = 232756B92B84E0A500292994 /* CleanLogin */;
			targetProxy = 232756DE2B84E0A600292994 /* PBXContainerItemProxy */;
		};
/* End PBXTargetDependency section */

/* Begin PBXVariantGroup section */
		232756C32B84E0A500292994 /* Main.storyboard */ = {
			isa = PBXVariantGroup;
			children = (
				232756C42B84E0A500292994 /* Base */,
			);
			name = Main.storyboard;
			sourceTree = "<group>";
		};
		232756CB2B84E0A500292994 /* LaunchScreen.storyboard */ = {
			isa = PBXVariantGroup;
			children = (
				232756CC2B84E0A500292994 /* Base */,
			);
			name = LaunchScreen.storyboard;
			sourceTree = "<group>";
		};
/* End PBXVariantGroup section */

/* Begin XCBuildConfiguration section */
		232756E52B84E0A600292994 /* Debug */ = {
			isa = XCBuildConfiguration;
			buildSettings = {
				ALWAYS_SEARCH_USER_PATHS = NO;
				ASSETCATALOG_COMPILER_GENERATE_SWIFT_ASSET_SYMBOL_EXTENSIONS = YES;
				CLANG_ANALYZER_NONNULL = YES;
				CLANG_ANALYZER_NUMBER_OBJECT_CONVERSION = YES_AGGRESSIVE;
				CLANG_CXX_LANGUAGE_STANDARD = "gnu++20";
				CLANG_ENABLE_MODULES = YES;
				CLANG_ENABLE_OBJC_ARC = YES;
				CLANG_ENABLE_OBJC_WEAK = YES;
				CLANG_WARN_BLOCK_CAPTURE_AUTORELEASING = YES;
				CLANG_WARN_BOOL_CONVERSION = YES;
				CLANG_WARN_COMMA = YES;
				CLANG_WARN_CONSTANT_CONVERSION = YES;
				CLANG_WARN_DEPRECATED_OBJC_IMPLEMENTATIONS = YES;
				CLANG_WARN_DIRECT_OBJC_ISA_USAGE = YES_ERROR;
				CLANG_WARN_DOCUMENTATION_COMMENTS = YES;
				CLANG_WARN_EMPTY_BODY = YES;
				CLANG_WARN_ENUM_CONVERSION = YES;
				CLANG_WARN_INFINITE_RECURSION = YES;
				CLANG_WARN_INT_CONVERSION = YES;
				CLANG_WARN_NON_LITERAL_NULL_CONVERSION = YES;
				CLANG_WARN_OBJC_IMPLICIT_RETAIN_SELF = YES;
				CLANG_WARN_OBJC_LITERAL_CONVERSION = YES;
				CLANG_WARN_OBJC_ROOT_CLASS = YES_ERROR;
				CLANG_WARN_QUOTED_INCLUDE_IN_FRAMEWORK_HEADER = YES;
				CLANG_WARN_RANGE_LOOP_ANALYSIS = YES;
				CLANG_WARN_STRICT_PROTOTYPES = YES;
				CLANG_WARN_SUSPICIOUS_MOVE = YES;
				CLANG_WARN_UNGUARDED_AVAILABILITY = YES_AGGRESSIVE;
				CLANG_WARN_UNREACHABLE_CODE = YES;
				CLANG_WARN__DUPLICATE_METHOD_MATCH = YES;
				COPY_PHASE_STRIP = NO;
				DEBUG_INFORMATION_FORMAT = dwarf;
				ENABLE_STRICT_OBJC_MSGSEND = YES;
				ENABLE_TESTABILITY = YES;
				ENABLE_USER_SCRIPT_SANDBOXING = YES;
				GCC_C_LANGUAGE_STANDARD = gnu17;
				GCC_DYNAMIC_NO_PIC = NO;
				GCC_NO_COMMON_BLOCKS = YES;
				GCC_OPTIMIZATION_LEVEL = 0;
				GCC_PREPROCESSOR_DEFINITIONS = (
					"DEBUG=1",
					"$(inherited)",
				);
				GCC_WARN_64_TO_32_BIT_CONVERSION = YES;
				GCC_WARN_ABOUT_RETURN_TYPE = YES_ERROR;
				GCC_WARN_UNDECLARED_SELECTOR = YES;
				GCC_WARN_UNINITIALIZED_AUTOS = YES_AGGRESSIVE;
				GCC_WARN_UNUSED_FUNCTION = YES;
				GCC_WARN_UNUSED_VARIABLE = YES;
				IPHONEOS_DEPLOYMENT_TARGET = 17.2;
				LOCALIZATION_PREFERS_STRING_CATALOGS = YES;
				MTL_ENABLE_DEBUG_INFO = INCLUDE_SOURCE;
				MTL_FAST_MATH = YES;
				ONLY_ACTIVE_ARCH = YES;
				SDKROOT = iphoneos;
				SWIFT_ACTIVE_COMPILATION_CONDITIONS = "DEBUG $(inherited)";
				SWIFT_OPTIMIZATION_LEVEL = "-Onone";
			};
			name = Debug;
		};
		232756E62B84E0A600292994 /* Release */ = {
			isa = XCBuildConfiguration;
			buildSettings = {
				ALWAYS_SEARCH_USER_PATHS = NO;
				ASSETCATALOG_COMPILER_GENERATE_SWIFT_ASSET_SYMBOL_EXTENSIONS = YES;
				CLANG_ANALYZER_NONNULL = YES;
				CLANG_ANALYZER_NUMBER_OBJECT_CONVERSION = YES_AGGRESSIVE;
				CLANG_CXX_LANGUAGE_STANDARD = "gnu++20";
				CLANG_ENABLE_MODULES = YES;
				CLANG_ENABLE_OBJC_ARC = YES;
				CLANG_ENABLE_OBJC_WEAK = YES;
				CLANG_WARN_BLOCK_CAPTURE_AUTORELEASING = YES;
				CLANG_WARN_BOOL_CONVERSION = YES;
				CLANG_WARN_COMMA = YES;
				CLANG_WARN_CONSTANT_CONVERSION = YES;
				CLANG_WARN_DEPRECATED_OBJC_IMPLEMENTATIONS = YES;
				CLANG_WARN_DIRECT_OBJC_ISA_USAGE = YES_ERROR;
				CLANG_WARN_DOCUMENTATION_COMMENTS = YES;
				CLANG_WARN_EMPTY_BODY = YES;
				CLANG_WARN_ENUM_CONVERSION = YES;
				CLANG_WARN_INFINITE_RECURSION = YES;
				CLANG_WARN_INT_CONVERSION = YES;
				CLANG_WARN_NON_LITERAL_NULL_CONVERSION = YES;
				CLANG_WARN_OBJC_IMPLICIT_RETAIN_SELF = YES;
				CLANG_WARN_OBJC_LITERAL_CONVERSION = YES;
				CLANG_WARN_OBJC_ROOT_CLASS = YES_ERROR;
				CLANG_WARN_QUOTED_INCLUDE_IN_FRAMEWORK_HEADER = YES;
				CLANG_WARN_RANGE_LOOP_ANALYSIS = YES;
				CLANG_WARN_STRICT_PROTOTYPES = YES;
				CLANG_WARN_SUSPICIOUS_MOVE = YES;
				CLANG_WARN_UNGUARDED_AVAILABILITY = YES_AGGRESSIVE;
				CLANG_WARN_UNREACHABLE_CODE = YES;
				CLANG_WARN__DUPLICATE_METHOD_MATCH = YES;
				COPY_PHASE_STRIP = NO;
				DEBUG_INFORMATION_FORMAT = "dwarf-with-dsym";
				ENABLE_NS_ASSERTIONS = NO;
				ENABLE_STRICT_OBJC_MSGSEND = YES;
				ENABLE_USER_SCRIPT_SANDBOXING = YES;
				GCC_C_LANGUAGE_STANDARD = gnu17;
				GCC_NO_COMMON_BLOCKS = YES;
				GCC_WARN_64_TO_32_BIT_CONVERSION = YES;
				GCC_WARN_ABOUT_RETURN_TYPE = YES_ERROR;
				GCC_WARN_UNDECLARED_SELECTOR = YES;
				GCC_WARN_UNINITIALIZED_AUTOS = YES_AGGRESSIVE;
				GCC_WARN_UNUSED_FUNCTION = YES;
				GCC_WARN_UNUSED_VARIABLE = YES;
				IPHONEOS_DEPLOYMENT_TARGET = 17.2;
				LOCALIZATION_PREFERS_STRING_CATALOGS = YES;
				MTL_ENABLE_DEBUG_INFO = NO;
				MTL_FAST_MATH = YES;
				SDKROOT = iphoneos;
				SWIFT_COMPILATION_MODE = wholemodule;
				VALIDATE_PRODUCT = YES;
			};
			name = Release;
		};
		232756E82B84E0A600292994 /* Debug */ = {
			isa = XCBuildConfiguration;
			buildSettings = {
				ASSETCATALOG_COMPILER_APPICON_NAME = AppIcon;
				ASSETCATALOG_COMPILER_GLOBAL_ACCENT_COLOR_NAME = AccentColor;
				CODE_SIGN_STYLE = Automatic;
				CURRENT_PROJECT_VERSION = 1;
				DEVELOPMENT_TEAM = KKQNMS5DUM;
				GENERATE_INFOPLIST_FILE = YES;
				INFOPLIST_FILE = CleanLogin/Info.plist;
				INFOPLIST_KEY_UIApplicationSupportsIndirectInputEvents = YES;
				INFOPLIST_KEY_UILaunchStoryboardName = LaunchScreen;
				INFOPLIST_KEY_UIMainStoryboardFile = Main;
				INFOPLIST_KEY_UISupportedInterfaceOrientations_iPad = "UIInterfaceOrientationPortrait UIInterfaceOrientationPortraitUpsideDown UIInterfaceOrientationLandscapeLeft UIInterfaceOrientationLandscapeRight";
				INFOPLIST_KEY_UISupportedInterfaceOrientations_iPhone = "UIInterfaceOrientationPortrait UIInterfaceOrientationLandscapeLeft UIInterfaceOrientationLandscapeRight";
				LD_RUNPATH_SEARCH_PATHS = (
					"$(inherited)",
					"@executable_path/Frameworks",
				);
				MARKETING_VERSION = 1.0;
				PRODUCT_BUNDLE_IDENTIFIER = leo.marliere.CleanLogin;
				PRODUCT_NAME = "$(TARGET_NAME)";
				SWIFT_EMIT_LOC_STRINGS = YES;
				SWIFT_VERSION = 5.0;
				TARGETED_DEVICE_FAMILY = "1,2";
			};
			name = Debug;
		};
		232756E92B84E0A600292994 /* Release */ = {
			isa = XCBuildConfiguration;
			buildSettings = {
				ASSETCATALOG_COMPILER_APPICON_NAME = AppIcon;
				ASSETCATALOG_COMPILER_GLOBAL_ACCENT_COLOR_NAME = AccentColor;
				CODE_SIGN_STYLE = Automatic;
				CURRENT_PROJECT_VERSION = 1;
				DEVELOPMENT_TEAM = KKQNMS5DUM;
				GENERATE_INFOPLIST_FILE = YES;
				INFOPLIST_FILE = CleanLogin/Info.plist;
				INFOPLIST_KEY_UIApplicationSupportsIndirectInputEvents = YES;
				INFOPLIST_KEY_UILaunchStoryboardName = LaunchScreen;
				INFOPLIST_KEY_UIMainStoryboardFile = Main;
				INFOPLIST_KEY_UISupportedInterfaceOrientations_iPad = "UIInterfaceOrientationPortrait UIInterfaceOrientationPortraitUpsideDown UIInterfaceOrientationLandscapeLeft UIInterfaceOrientationLandscapeRight";
				INFOPLIST_KEY_UISupportedInterfaceOrientations_iPhone = "UIInterfaceOrientationPortrait UIInterfaceOrientationLandscapeLeft UIInterfaceOrientationLandscapeRight";
				LD_RUNPATH_SEARCH_PATHS = (
					"$(inherited)",
					"@executable_path/Frameworks",
				);
				MARKETING_VERSION = 1.0;
				PRODUCT_BUNDLE_IDENTIFIER = leo.marliere.CleanLogin;
				PRODUCT_NAME = "$(TARGET_NAME)";
				SWIFT_EMIT_LOC_STRINGS = YES;
				SWIFT_VERSION = 5.0;
				TARGETED_DEVICE_FAMILY = "1,2";
			};
			name = Release;
		};
		232756EB2B84E0A600292994 /* Debug */ = {
			isa = XCBuildConfiguration;
			buildSettings = {
				ALWAYS_EMBED_SWIFT_STANDARD_LIBRARIES = YES;
				BUNDLE_LOADER = "$(TEST_HOST)";
				CODE_SIGN_STYLE = Automatic;
				CURRENT_PROJECT_VERSION = 1;
				DEVELOPMENT_TEAM = KKQNMS5DUM;
				GENERATE_INFOPLIST_FILE = YES;
				IPHONEOS_DEPLOYMENT_TARGET = 17.2;
				MARKETING_VERSION = 1.0;
				PRODUCT_BUNDLE_IDENTIFIER = leo.marliere.CleanLoginTests;
				PRODUCT_NAME = "$(TARGET_NAME)";
				SWIFT_EMIT_LOC_STRINGS = NO;
				SWIFT_VERSION = 5.0;
				TARGETED_DEVICE_FAMILY = "1,2";
				TEST_HOST = "$(BUILT_PRODUCTS_DIR)/CleanLogin.app/$(BUNDLE_EXECUTABLE_FOLDER_PATH)/CleanLogin";
			};
			name = Debug;
		};
		232756EC2B84E0A600292994 /* Release */ = {
			isa = XCBuildConfiguration;
			buildSettings = {
				ALWAYS_EMBED_SWIFT_STANDARD_LIBRARIES = YES;
				BUNDLE_LOADER = "$(TEST_HOST)";
				CODE_SIGN_STYLE = Automatic;
				CURRENT_PROJECT_VERSION = 1;
				DEVELOPMENT_TEAM = KKQNMS5DUM;
				GENERATE_INFOPLIST_FILE = YES;
				IPHONEOS_DEPLOYMENT_TARGET = 17.2;
				MARKETING_VERSION = 1.0;
				PRODUCT_BUNDLE_IDENTIFIER = leo.marliere.CleanLoginTests;
				PRODUCT_NAME = "$(TARGET_NAME)";
				SWIFT_EMIT_LOC_STRINGS = NO;
				SWIFT_VERSION = 5.0;
				TARGETED_DEVICE_FAMILY = "1,2";
				TEST_HOST = "$(BUILT_PRODUCTS_DIR)/CleanLogin.app/$(BUNDLE_EXECUTABLE_FOLDER_PATH)/CleanLogin";
			};
			name = Release;
		};
		232756EE2B84E0A600292994 /* Debug */ = {
			isa = XCBuildConfiguration;
			buildSettings = {
				ALWAYS_EMBED_SWIFT_STANDARD_LIBRARIES = YES;
				CODE_SIGN_STYLE = Automatic;
				CURRENT_PROJECT_VERSION = 1;
				DEVELOPMENT_TEAM = KKQNMS5DUM;
				GENERATE_INFOPLIST_FILE = YES;
				MARKETING_VERSION = 1.0;
				PRODUCT_BUNDLE_IDENTIFIER = leo.marliere.CleanLoginUITests;
				PRODUCT_NAME = "$(TARGET_NAME)";
				SWIFT_EMIT_LOC_STRINGS = NO;
				SWIFT_VERSION = 5.0;
				TARGETED_DEVICE_FAMILY = "1,2";
				TEST_TARGET_NAME = CleanLogin;
			};
			name = Debug;
		};
		232756EF2B84E0A600292994 /* Release */ = {
			isa = XCBuildConfiguration;
			buildSettings = {
				ALWAYS_EMBED_SWIFT_STANDARD_LIBRARIES = YES;
				CODE_SIGN_STYLE = Automatic;
				CURRENT_PROJECT_VERSION = 1;
				DEVELOPMENT_TEAM = KKQNMS5DUM;
				GENERATE_INFOPLIST_FILE = YES;
				MARKETING_VERSION = 1.0;
				PRODUCT_BUNDLE_IDENTIFIER = leo.marliere.CleanLoginUITests;
				PRODUCT_NAME = "$(TARGET_NAME)";
				SWIFT_EMIT_LOC_STRINGS = NO;
				SWIFT_VERSION = 5.0;
				TARGETED_DEVICE_FAMILY = "1,2";
				TEST_TARGET_NAME = CleanLogin;
			};
			name = Release;
		};
/* End XCBuildConfiguration section */

/* Begin XCConfigurationList section */
		232756B52B84E0A500292994 /* Build configuration list for PBXProject "CleanLogin" */ = {
			isa = XCConfigurationList;
			buildConfigurations = (
				232756E52B84E0A600292994 /* Debug */,
				232756E62B84E0A600292994 /* Release */,
			);
			defaultConfigurationIsVisible = 0;
			defaultConfigurationName = Release;
		};
		232756E72B84E0A600292994 /* Build configuration list for PBXNativeTarget "CleanLogin" */ = {
			isa = XCConfigurationList;
			buildConfigurations = (
				232756E82B84E0A600292994 /* Debug */,
				232756E92B84E0A600292994 /* Release */,
			);
			defaultConfigurationIsVisible = 0;
			defaultConfigurationName = Release;
		};
		232756EA2B84E0A600292994 /* Build configuration list for PBXNativeTarget "CleanLoginTests" */ = {
			isa = XCConfigurationList;
			buildConfigurations = (
				232756EB2B84E0A600292994 /* Debug */,
				232756EC2B84E0A600292994 /* Release */,
			);
			defaultConfigurationIsVisible = 0;
			defaultConfigurationName = Release;
		};
		232756ED2B84E0A600292994 /* Build configuration list for PBXNativeTarget "CleanLoginUITests" */ = {
			isa = XCConfigurationList;
			buildConfigurations = (
				232756EE2B84E0A600292994 /* Debug */,
				232756EF2B84E0A600292994 /* Release */,
			);
			defaultConfigurationIsVisible = 0;
			defaultConfigurationName = Release;
		};
/* End XCConfigurationList section */

/* Begin XCVersionGroup section */
		232756C62B84E0A500292994 /* CleanLogin.xcdatamodeld */ = {
			isa = XCVersionGroup;
			children = (
				232756C72B84E0A500292994 /* CleanLogin.xcdatamodel */,
			);
			currentVersion = 232756C72B84E0A500292994 /* CleanLogin.xcdatamodel */;
			path = CleanLogin.xcdatamodeld;
			sourceTree = "<group>";
			versionGroupType = wrapper.xcdatamodel;
		};
/* End XCVersionGroup section */
	};
	rootObject = 232756B22B84E0A500292994 /* Project object */;
}
